
Microsoft Visual Studio Solution File, Format Version 12.00
# Visual Studio Version 16
VisualStudioVersion = 16.0.29418.71
MinimumVisualStudioVersion = 10.0.40219.1
Project("{9A19103F-16F7-4668-BE54-9A1E7A4F7556}") = "Scorpio.Messaging.Abstractions", "src\Scorpio.Messaging.Abstractions\Scorpio.Messaging.Abstractions.csproj", "{F3F11583-4012-4F61-B34F-8209BD52A0DD}"
EndProject
Project("{9A19103F-16F7-4668-BE54-9A1E7A4F7556}") = "Scorpio.Messaging.RabbitMQ", "src\Scorpio.Messaging.RabbitMQ\Scorpio.Messaging.RabbitMQ.csproj", "{5635A59A-68EE-46C8-8DF7-3AE1355B441C}"
EndProject
Project("{9A19103F-16F7-4668-BE54-9A1E7A4F7556}") = "Scorpio.Api", "src\Scorpio.Api\Scorpio.Api.csproj", "{1B66931E-D5DA-4AD6-BB53-AC8B32FD4DC0}"
EndProject
Project("{2150E333-8FDC-42A3-9474-1A3956D46DE8}") = "Solution Items", "Solution Items", "{36D1A7DA-DB49-4469-85CA-C1C743C1B6AE}"
	ProjectSection(SolutionItems) = preProject
		readme.md = readme.md
	EndProjectSection
EndProject
Project("{2150E333-8FDC-42A3-9474-1A3956D46DE8}") = "docker", "docker", "{FDCE29D6-4470-418E-AB6F-1C60F5BFA0B9}"
	ProjectSection(SolutionItems) = preProject
		docker-compose.yml = docker-compose.yml
	EndProjectSection
EndProject
Project("{9A19103F-16F7-4668-BE54-9A1E7A4F7556}") = "Scorpio.Gamepad.IO", "src\Scorpio.Gamepad.IO\Scorpio.Gamepad.IO.csproj", "{8728FACB-63FF-4068-8553-0C0B1F80D96D}"
EndProject
Project("{9A19103F-16F7-4668-BE54-9A1E7A4F7556}") = "Scorpio.Gamepad.Processors", "src\Scorpio.Gamepad.Processors\Scorpio.Gamepad.Processors.csproj", "{7E82C03C-DC99-4149-AE1E-7CBD2B1DAC08}"
EndProject
Project("{9A19103F-16F7-4668-BE54-9A1E7A4F7556}") = "Scorpio.Gamepad.Models", "src\Scorpio.Gamepad.Models\Scorpio.Gamepad.Models.csproj", "{4F4CE1B6-FA09-4901-9E84-157B820B16A9}"
EndProject
Project("{9A19103F-16F7-4668-BE54-9A1E7A4F7556}") = "Scorpio.ProcessRunner", "src\Scorpio.ProcessRunner\Scorpio.ProcessRunner.csproj", "{0860F25E-3C51-4438-A746-85927CCF48B1}"
EndProject
Project("{FAE04EC0-301F-11D3-BF4B-00C04F79EFBC}") = "Scorpio.GUI", "src\Scorpio.GUI\Scorpio.GUI.csproj", "{1214AB9D-EEE6-4A1F-A03C-3A2474648570}"
EndProject
Project("{2150E333-8FDC-42A3-9474-1A3956D46DE8}") = "lib", "lib", "{CBD1421E-6E95-4799-A726-63B2F97383A8}"
EndProject
Project("{FAE04EC0-301F-11D3-BF4B-00C04F79EFBC}") = "J2i.Net.XInputWrapper", "lib\J2i.Net.XInputWrapper\J2i.Net.XInputWrapper.csproj", "{146BCDF6-0354-4401-BBDD-57A52D2598A6}"
EndProject
Project("{9A19103F-16F7-4668-BE54-9A1E7A4F7556}") = "Scorpio.Messaging.Messages", "src\Scorpio.Messaging.Messages\Scorpio.Messaging.Messages.csproj", "{4B602FE1-5EED-41AD-B218-E8EF7B998B77}"
EndProject
Project("{2150E333-8FDC-42A3-9474-1A3956D46DE8}") = "scripts", "scripts", "{3EBF5943-C31F-4C0C-9215-1BAD18BA538A}"
	ProjectSection(SolutionItems) = preProject
		scripts\deploy_web.ps1 = scripts\deploy_web.ps1
		scripts\installConfigureRabbitMq.sh = scripts\installConfigureRabbitMq.sh
		scripts\mongodb_userful_stuff.txt = scripts\mongodb_userful_stuff.txt
		scripts\releaseWebAndCopyToApiWwwroot.ps1 = scripts\releaseWebAndCopyToApiWwwroot.ps1
	EndProjectSection
EndProject
Project("{9A19103F-16F7-4668-BE54-9A1E7A4F7556}") = "Scorpio.Instrumentation.Vivotek", "src\Scorpio.Instrumentation.Vivotek\Scorpio.Instrumentation.Vivotek.csproj", "{BB4897AB-AE17-4A15-A6FA-96D44C7C7989}"
EndProject
Project("{9A19103F-16F7-4668-BE54-9A1E7A4F7556}") = "Scorpio.Instrumentation.Ubiquiti", "src\Scorpio.Instrumentation.Ubiquiti\Scorpio.Instrumentation.Ubiquiti.csproj", "{094481E8-73FD-4D54-A450-C7BF0ADF9B7A}"
EndProject
Project("{2150E333-8FDC-42A3-9474-1A3956D46DE8}") = "tests", "tests", "{B2627FFB-FC23-4564-AE64-E7B87AAD8C4B}"
EndProject
Project("{9A19103F-16F7-4668-BE54-9A1E7A4F7556}") = "Scorpio.Instrumentation.Ubiquiti.Tests", "tests\Scorpio.Instrumentation.Ubiquiti.Tests\Scorpio.Instrumentation.Ubiquiti.Tests.csproj", "{1D78E1E1-1AB6-423E-A4E5-2FBD5663E0BA}"
EndProject
Project("{2150E333-8FDC-42A3-9474-1A3956D46DE8}") = "Examples", "Examples", "{D95CFDDC-AD1C-4E2C-85C5-D56BEC050F89}"
EndProject
Project("{9A19103F-16F7-4668-BE54-9A1E7A4F7556}") = "Scorpio.Examples.BarbequeueClient", "examples\Scorpio.Examples.BarbequeueClient\Scorpio.Examples.BarbequeueClient.csproj", "{14B27D82-69D7-4457-AB20-4353C828431E}"
EndProject
Project("{9A19103F-16F7-4668-BE54-9A1E7A4F7556}") = "Scorpio.Examples.RabbitMQ", "examples\Scorpio.Examples.RabbitMQ\Scorpio.Examples.RabbitMQ.csproj", "{4D040350-F7DC-45FE-9DDB-C4E636F9AD1D}"
EndProject
Project("{9A19103F-16F7-4668-BE54-9A1E7A4F7556}") = "Scorpio.Messaging.Sockets", "src\Scorpio.Messaging.Sockets\Scorpio.Messaging.Sockets.csproj", "{0FFB8F77-5639-4A00-B855-A589DE7D9DEE}"
EndProject
Project("{9A19103F-16F7-4668-BE54-9A1E7A4F7556}") = "Scorpio.SensorDataPopulator", "examples\Scorpio.SensorDataPopulator\Scorpio.SensorDataPopulator.csproj", "{B06BA317-284C-4C7E-8416-A840B3C69D1E}"
EndProject
Project("{2150E333-8FDC-42A3-9474-1A3956D46DE8}") = "CanOpenModule", "CanOpenModule", "{EC70DD44-DABA-41E9-9CBD-AB9227E064B9}"
EndProject
Project("{9A19103F-16F7-4668-BE54-9A1E7A4F7556}") = "Scorpio.CanOpenEds", "src\CanOpenModule\Scorpio.CanOpenEds\Scorpio.CanOpenEds.csproj", "{7519C9EE-5DC7-4A5C-A000-F02C61573943}"
EndProject
Project("{9A19103F-16F7-4668-BE54-9A1E7A4F7556}") = "Scorpio.CanOpenEds.Extensions.DependencyInjection.Microsoft", "src\CanOpenModule\Scorpio.CanOpenEds.Extensions.DependencyInjection.Microsoft\Scorpio.CanOpenEds.Extensions.DependencyInjection.Microsoft.csproj", "{A93B33ED-373A-4B92-AD88-C26E283B746E}"
EndProject
Project("{9A19103F-16F7-4668-BE54-9A1E7A4F7556}") = "Scorpio.CanOpenEds.FileRepository", "src\CanOpenModule\Scorpio.CanOpenEds.FileRepository\Scorpio.CanOpenEds.FileRepository.csproj", "{29AB5A15-B0B4-432A-95A7-8848D932B77C}"
EndProject
Project("{2150E333-8FDC-42A3-9474-1A3956D46DE8}") = "ReportingModule", "ReportingModule", "{34EA74F0-B828-43E2-B412-43ACA583E44E}"
EndProject
Project("{9A19103F-16F7-4668-BE54-9A1E7A4F7556}") = "Scorpio.Reporting", "src\ReportingModule\Scorpio.Reporting\Scorpio.Reporting.csproj", "{A833B5CC-0F89-4F53-97FE-1096EEBDDA2B}"
EndProject
Project("{9A19103F-16F7-4668-BE54-9A1E7A4F7556}") = "Scorpio.Reporting.Tests", "src\ReportingModule\Scorpio.Reporting.Tests\Scorpio.Reporting.Tests.csproj", "{016BCB4A-FD87-4BB8-B913-E418BD97120E}"
EndProject
Project("{9A19103F-16F7-4668-BE54-9A1E7A4F7556}") = "Scorpio.Reporting.Pdf", "src\ReportingModule\Scorpio.Reporting.Pdf\Scorpio.Reporting.Pdf.csproj", "{75C389BA-B530-4D52-835B-3E9EF3E424EC}"
EndProject
Global
	GlobalSection(SolutionConfigurationPlatforms) = preSolution
		Debug|Any CPU = Debug|Any CPU
		Release|Any CPU = Release|Any CPU
	EndGlobalSection
	GlobalSection(ProjectConfigurationPlatforms) = postSolution
		{F3F11583-4012-4F61-B34F-8209BD52A0DD}.Debug|Any CPU.ActiveCfg = Debug|Any CPU
		{F3F11583-4012-4F61-B34F-8209BD52A0DD}.Debug|Any CPU.Build.0 = Debug|Any CPU
		{F3F11583-4012-4F61-B34F-8209BD52A0DD}.Release|Any CPU.ActiveCfg = Release|Any CPU
		{F3F11583-4012-4F61-B34F-8209BD52A0DD}.Release|Any CPU.Build.0 = Release|Any CPU
		{5635A59A-68EE-46C8-8DF7-3AE1355B441C}.Debug|Any CPU.ActiveCfg = Debug|Any CPU
		{5635A59A-68EE-46C8-8DF7-3AE1355B441C}.Debug|Any CPU.Build.0 = Debug|Any CPU
		{5635A59A-68EE-46C8-8DF7-3AE1355B441C}.Release|Any CPU.ActiveCfg = Release|Any CPU
		{5635A59A-68EE-46C8-8DF7-3AE1355B441C}.Release|Any CPU.Build.0 = Release|Any CPU
		{1B66931E-D5DA-4AD6-BB53-AC8B32FD4DC0}.Debug|Any CPU.ActiveCfg = Debug|Any CPU
		{1B66931E-D5DA-4AD6-BB53-AC8B32FD4DC0}.Debug|Any CPU.Build.0 = Debug|Any CPU
		{1B66931E-D5DA-4AD6-BB53-AC8B32FD4DC0}.Release|Any CPU.ActiveCfg = Release|Any CPU
		{1B66931E-D5DA-4AD6-BB53-AC8B32FD4DC0}.Release|Any CPU.Build.0 = Release|Any CPU
		{8728FACB-63FF-4068-8553-0C0B1F80D96D}.Debug|Any CPU.ActiveCfg = Debug|Any CPU
		{8728FACB-63FF-4068-8553-0C0B1F80D96D}.Debug|Any CPU.Build.0 = Debug|Any CPU
		{8728FACB-63FF-4068-8553-0C0B1F80D96D}.Release|Any CPU.ActiveCfg = Release|Any CPU
		{8728FACB-63FF-4068-8553-0C0B1F80D96D}.Release|Any CPU.Build.0 = Release|Any CPU
		{7E82C03C-DC99-4149-AE1E-7CBD2B1DAC08}.Debug|Any CPU.ActiveCfg = Debug|Any CPU
		{7E82C03C-DC99-4149-AE1E-7CBD2B1DAC08}.Debug|Any CPU.Build.0 = Debug|Any CPU
		{7E82C03C-DC99-4149-AE1E-7CBD2B1DAC08}.Release|Any CPU.ActiveCfg = Release|Any CPU
		{7E82C03C-DC99-4149-AE1E-7CBD2B1DAC08}.Release|Any CPU.Build.0 = Release|Any CPU
		{4F4CE1B6-FA09-4901-9E84-157B820B16A9}.Debug|Any CPU.ActiveCfg = Debug|Any CPU
		{4F4CE1B6-FA09-4901-9E84-157B820B16A9}.Debug|Any CPU.Build.0 = Debug|Any CPU
		{4F4CE1B6-FA09-4901-9E84-157B820B16A9}.Release|Any CPU.ActiveCfg = Release|Any CPU
		{4F4CE1B6-FA09-4901-9E84-157B820B16A9}.Release|Any CPU.Build.0 = Release|Any CPU
		{0860F25E-3C51-4438-A746-85927CCF48B1}.Debug|Any CPU.ActiveCfg = Debug|Any CPU
		{0860F25E-3C51-4438-A746-85927CCF48B1}.Debug|Any CPU.Build.0 = Debug|Any CPU
		{0860F25E-3C51-4438-A746-85927CCF48B1}.Release|Any CPU.ActiveCfg = Release|Any CPU
		{0860F25E-3C51-4438-A746-85927CCF48B1}.Release|Any CPU.Build.0 = Release|Any CPU
		{1214AB9D-EEE6-4A1F-A03C-3A2474648570}.Debug|Any CPU.ActiveCfg = Debug|Any CPU
		{1214AB9D-EEE6-4A1F-A03C-3A2474648570}.Debug|Any CPU.Build.0 = Debug|Any CPU
		{1214AB9D-EEE6-4A1F-A03C-3A2474648570}.Release|Any CPU.ActiveCfg = Release|Any CPU
		{1214AB9D-EEE6-4A1F-A03C-3A2474648570}.Release|Any CPU.Build.0 = Release|Any CPU
		{146BCDF6-0354-4401-BBDD-57A52D2598A6}.Debug|Any CPU.ActiveCfg = Debug|Any CPU
		{146BCDF6-0354-4401-BBDD-57A52D2598A6}.Debug|Any CPU.Build.0 = Debug|Any CPU
		{146BCDF6-0354-4401-BBDD-57A52D2598A6}.Release|Any CPU.ActiveCfg = Release|Any CPU
		{146BCDF6-0354-4401-BBDD-57A52D2598A6}.Release|Any CPU.Build.0 = Release|Any CPU
		{4B602FE1-5EED-41AD-B218-E8EF7B998B77}.Debug|Any CPU.ActiveCfg = Debug|Any CPU
		{4B602FE1-5EED-41AD-B218-E8EF7B998B77}.Debug|Any CPU.Build.0 = Debug|Any CPU
		{4B602FE1-5EED-41AD-B218-E8EF7B998B77}.Release|Any CPU.ActiveCfg = Release|Any CPU
		{4B602FE1-5EED-41AD-B218-E8EF7B998B77}.Release|Any CPU.Build.0 = Release|Any CPU
		{BB4897AB-AE17-4A15-A6FA-96D44C7C7989}.Debug|Any CPU.ActiveCfg = Debug|Any CPU
		{BB4897AB-AE17-4A15-A6FA-96D44C7C7989}.Debug|Any CPU.Build.0 = Debug|Any CPU
		{BB4897AB-AE17-4A15-A6FA-96D44C7C7989}.Release|Any CPU.ActiveCfg = Release|Any CPU
		{BB4897AB-AE17-4A15-A6FA-96D44C7C7989}.Release|Any CPU.Build.0 = Release|Any CPU
		{094481E8-73FD-4D54-A450-C7BF0ADF9B7A}.Debug|Any CPU.ActiveCfg = Debug|Any CPU
		{094481E8-73FD-4D54-A450-C7BF0ADF9B7A}.Debug|Any CPU.Build.0 = Debug|Any CPU
		{094481E8-73FD-4D54-A450-C7BF0ADF9B7A}.Release|Any CPU.ActiveCfg = Release|Any CPU
		{094481E8-73FD-4D54-A450-C7BF0ADF9B7A}.Release|Any CPU.Build.0 = Release|Any CPU
		{1D78E1E1-1AB6-423E-A4E5-2FBD5663E0BA}.Debug|Any CPU.ActiveCfg = Debug|Any CPU
		{1D78E1E1-1AB6-423E-A4E5-2FBD5663E0BA}.Debug|Any CPU.Build.0 = Debug|Any CPU
		{1D78E1E1-1AB6-423E-A4E5-2FBD5663E0BA}.Release|Any CPU.ActiveCfg = Release|Any CPU
		{1D78E1E1-1AB6-423E-A4E5-2FBD5663E0BA}.Release|Any CPU.Build.0 = Release|Any CPU
		{14B27D82-69D7-4457-AB20-4353C828431E}.Debug|Any CPU.ActiveCfg = Debug|Any CPU
		{14B27D82-69D7-4457-AB20-4353C828431E}.Debug|Any CPU.Build.0 = Debug|Any CPU
		{14B27D82-69D7-4457-AB20-4353C828431E}.Release|Any CPU.ActiveCfg = Release|Any CPU
		{14B27D82-69D7-4457-AB20-4353C828431E}.Release|Any CPU.Build.0 = Release|Any CPU
		{4D040350-F7DC-45FE-9DDB-C4E636F9AD1D}.Debug|Any CPU.ActiveCfg = Debug|Any CPU
		{4D040350-F7DC-45FE-9DDB-C4E636F9AD1D}.Debug|Any CPU.Build.0 = Debug|Any CPU
		{4D040350-F7DC-45FE-9DDB-C4E636F9AD1D}.Release|Any CPU.ActiveCfg = Release|Any CPU
		{4D040350-F7DC-45FE-9DDB-C4E636F9AD1D}.Release|Any CPU.Build.0 = Release|Any CPU
		{0FFB8F77-5639-4A00-B855-A589DE7D9DEE}.Debug|Any CPU.ActiveCfg = Debug|Any CPU
		{0FFB8F77-5639-4A00-B855-A589DE7D9DEE}.Debug|Any CPU.Build.0 = Debug|Any CPU
		{0FFB8F77-5639-4A00-B855-A589DE7D9DEE}.Release|Any CPU.ActiveCfg = Release|Any CPU
		{0FFB8F77-5639-4A00-B855-A589DE7D9DEE}.Release|Any CPU.Build.0 = Release|Any CPU
		{B06BA317-284C-4C7E-8416-A840B3C69D1E}.Debug|Any CPU.ActiveCfg = Debug|Any CPU
		{B06BA317-284C-4C7E-8416-A840B3C69D1E}.Debug|Any CPU.Build.0 = Debug|Any CPU
		{B06BA317-284C-4C7E-8416-A840B3C69D1E}.Release|Any CPU.ActiveCfg = Release|Any CPU
		{B06BA317-284C-4C7E-8416-A840B3C69D1E}.Release|Any CPU.Build.0 = Release|Any CPU
		{7519C9EE-5DC7-4A5C-A000-F02C61573943}.Debug|Any CPU.ActiveCfg = Debug|Any CPU
		{7519C9EE-5DC7-4A5C-A000-F02C61573943}.Debug|Any CPU.Build.0 = Debug|Any CPU
		{7519C9EE-5DC7-4A5C-A000-F02C61573943}.Release|Any CPU.ActiveCfg = Release|Any CPU
		{7519C9EE-5DC7-4A5C-A000-F02C61573943}.Release|Any CPU.Build.0 = Release|Any CPU
		{A93B33ED-373A-4B92-AD88-C26E283B746E}.Debug|Any CPU.ActiveCfg = Debug|Any CPU
		{A93B33ED-373A-4B92-AD88-C26E283B746E}.Debug|Any CPU.Build.0 = Debug|Any CPU
		{A93B33ED-373A-4B92-AD88-C26E283B746E}.Release|Any CPU.ActiveCfg = Release|Any CPU
		{A93B33ED-373A-4B92-AD88-C26E283B746E}.Release|Any CPU.Build.0 = Release|Any CPU
		{29AB5A15-B0B4-432A-95A7-8848D932B77C}.Debug|Any CPU.ActiveCfg = Debug|Any CPU
		{29AB5A15-B0B4-432A-95A7-8848D932B77C}.Debug|Any CPU.Build.0 = Debug|Any CPU
		{29AB5A15-B0B4-432A-95A7-8848D932B77C}.Release|Any CPU.ActiveCfg = Release|Any CPU
		{29AB5A15-B0B4-432A-95A7-8848D932B77C}.Release|Any CPU.Build.0 = Release|Any CPU
		{A833B5CC-0F89-4F53-97FE-1096EEBDDA2B}.Debug|Any CPU.ActiveCfg = Debug|Any CPU
		{A833B5CC-0F89-4F53-97FE-1096EEBDDA2B}.Debug|Any CPU.Build.0 = Debug|Any CPU
		{A833B5CC-0F89-4F53-97FE-1096EEBDDA2B}.Release|Any CPU.ActiveCfg = Release|Any CPU
		{A833B5CC-0F89-4F53-97FE-1096EEBDDA2B}.Release|Any CPU.Build.0 = Release|Any CPU
		{016BCB4A-FD87-4BB8-B913-E418BD97120E}.Debug|Any CPU.ActiveCfg = Debug|Any CPU
		{016BCB4A-FD87-4BB8-B913-E418BD97120E}.Debug|Any CPU.Build.0 = Debug|Any CPU
		{016BCB4A-FD87-4BB8-B913-E418BD97120E}.Release|Any CPU.ActiveCfg = Release|Any CPU
		{016BCB4A-FD87-4BB8-B913-E418BD97120E}.Release|Any CPU.Build.0 = Release|Any CPU
		{75C389BA-B530-4D52-835B-3E9EF3E424EC}.Debug|Any CPU.ActiveCfg = Debug|Any CPU
		{75C389BA-B530-4D52-835B-3E9EF3E424EC}.Debug|Any CPU.Build.0 = Debug|Any CPU
		{75C389BA-B530-4D52-835B-3E9EF3E424EC}.Release|Any CPU.ActiveCfg = Release|Any CPU
		{75C389BA-B530-4D52-835B-3E9EF3E424EC}.Release|Any CPU.Build.0 = Release|Any CPU
	EndGlobalSection
	GlobalSection(SolutionProperties) = preSolution
		HideSolutionNode = FALSE
	EndGlobalSection
	GlobalSection(NestedProjects) = preSolution
		{FDCE29D6-4470-418E-AB6F-1C60F5BFA0B9} = {36D1A7DA-DB49-4469-85CA-C1C743C1B6AE}
		{146BCDF6-0354-4401-BBDD-57A52D2598A6} = {CBD1421E-6E95-4799-A726-63B2F97383A8}
		{1D78E1E1-1AB6-423E-A4E5-2FBD5663E0BA} = {B2627FFB-FC23-4564-AE64-E7B87AAD8C4B}
		{14B27D82-69D7-4457-AB20-4353C828431E} = {D95CFDDC-AD1C-4E2C-85C5-D56BEC050F89}
		{4D040350-F7DC-45FE-9DDB-C4E636F9AD1D} = {D95CFDDC-AD1C-4E2C-85C5-D56BEC050F89}
		{B06BA317-284C-4C7E-8416-A840B3C69D1E} = {D95CFDDC-AD1C-4E2C-85C5-D56BEC050F89}
		{7519C9EE-5DC7-4A5C-A000-F02C61573943} = {EC70DD44-DABA-41E9-9CBD-AB9227E064B9}
		{A93B33ED-373A-4B92-AD88-C26E283B746E} = {EC70DD44-DABA-41E9-9CBD-AB9227E064B9}
		{29AB5A15-B0B4-432A-95A7-8848D932B77C} = {EC70DD44-DABA-41E9-9CBD-AB9227E064B9}
		{A833B5CC-0F89-4F53-97FE-1096EEBDDA2B} = {34EA74F0-B828-43E2-B412-43ACA583E44E}
		{016BCB4A-FD87-4BB8-B913-E418BD97120E} = {34EA74F0-B828-43E2-B412-43ACA583E44E}
		{75C389BA-B530-4D52-835B-3E9EF3E424EC} = {34EA74F0-B828-43E2-B412-43ACA583E44E}
	EndGlobalSection
	GlobalSection(ExtensibilityGlobals) = postSolution
		SolutionGuid = {2DC344A6-6D2E-421B-8AB8-0D8D50BE54A1}
	EndGlobalSection
EndGlobal
